PODS:
  - Alamofire (4.5.1)
  - AlamofireObjectMapper (5.0.0):
    - Alamofire (~> 4.1)
    - ObjectMapper (~> 3.0)
  - Kingfisher (4.3.1)
  - ObjectMapper (3.1.0)
  - SwiftyJSON (4.0.0)

DEPENDENCIES:
  - Alamofire
  - AlamofireObjectMapper
  - Kingfisher
  - ObjectMapper
  - SwiftyJSON

SPEC CHECKSUMS:
  Alamofire: 2d95912bf4c34f164fdfc335872e8c312acaea4a
  AlamofireObjectMapper: 5fafc816351cbbc0d486611aaeba7461c0cbad49
  Kingfisher: 75541c4b62f02e1fde6f9772303de3d9ebe8f5b3
  ObjectMapper: 20505058f54e5c3ca69e1d6de9897d152a5369a6
  SwiftyJSON: 070dabdcb1beb81b247c65ffa3a79dbbfb3b48aa

PODFILE CHECKSUM: db93c6421cb92ee17cfea58ed3e779aaf7044540

COCOAPODS: 1.4.0
