PODS:
  - Alamofire (4.7.2)
  - AlamofireObjectMapper (5.0.0):
    - Alamofire (~> 4.1)
    - ObjectMapper (~> 3.0)
  - AMProgressBar (0.1.0)
  - Kingfisher (4.8.0)
  - ObjectMapper (3.1.0)
  - SwiftCharts (0.6.1)
  - SwiftyJSON (4.1.0)

DEPENDENCIES:
  - Alamofire
  - AlamofireObjectMapper
  - AMProgressBar
  - Kingfisher
  - ObjectMapper
  - SwiftCharts
  - SwiftyJSON

SPEC CHECKSUMS:
  Alamofire: e4fa87002c137ba2d8d634d2c51fabcda0d5c223
  AlamofireObjectMapper: 5fafc816351cbbc0d486611aaeba7461c0cbad49
  AMProgressBar: 3f4671c4af4cb4fc9864ddc0a688450c8c7d1561
  Kingfisher: 976d828df2b24834c6a3f2fc4d82cdbd26552be1
  ObjectMapper: 20505058f54e5c3ca69e1d6de9897d152a5369a6
  SwiftCharts: 77378d6cf667e95f9c79a745b6778e66eed5339c
  SwiftyJSON: c29297daf073d2aa016295d5809cdd68045c39b3

PODFILE CHECKSUM: 9d3fe4a8d80357b2326ae411ec101ee3e41c6747

COCOAPODS: 1.4.0
